// !$*UTF8*$!
{
	archiveVersion = 1;
	classes = {
	};
	objectVersion = 56;
	objects = {

/* Begin PBXBuildFile section */
		CF1B3F0C2A5BC26B00F2A122 /* 시간복잡도.swift in Sources */ = {isa = PBXBuildFile; fileRef = CF1B3F0B2A5BC26B00F2A122 /* 시간복잡도.swift */; };
		CF1B3F0E2A5BC71300F2A122 /* 버블 정렬.swift in Sources */ = {isa = PBXBuildFile; fileRef = CF1B3F0D2A5BC71300F2A122 /* 버블 정렬.swift */; };
		CF1B3F102A5BDD7300F2A122 /* 선택 정렬.swift in Sources */ = {isa = PBXBuildFile; fileRef = CF1B3F0F2A5BDD7300F2A122 /* 선택 정렬.swift */; };
		CF1B3F122A5BE09200F2A122 /* 삽입 정렬.swift in Sources */ = {isa = PBXBuildFile; fileRef = CF1B3F112A5BE09200F2A122 /* 삽입 정렬.swift */; };
		CF1B3F222A5D088B00F2A122 /* 재귀함수.swift in Sources */ = {isa = PBXBuildFile; fileRef = CF1B3F212A5D088B00F2A122 /* 재귀함수.swift */; };
		CF1B3F242A5D0C6400F2A122 /* 동적 계획법.swift in Sources */ = {isa = PBXBuildFile; fileRef = CF1B3F232A5D0C6400F2A122 /* 동적 계획법.swift */; };
		CF1B3F262A5D25D000F2A122 /* 퀵 정렬.swift in Sources */ = {isa = PBXBuildFile; fileRef = CF1B3F252A5D25D000F2A122 /* 퀵 정렬.swift */; };
		CF444AD82A5A67E100BEB012 /* BST.swift in Sources */ = {isa = PBXBuildFile; fileRef = CF444AD72A5A67E100BEB012 /* BST.swift */; };
		CF4FFA012A5E5D3A000F7F9F /* 너비 우선 탐색.swift in Sources */ = {isa = PBXBuildFile; fileRef = CF4FFA002A5E5D3A000F7F9F /* 너비 우선 탐색.swift */; };
		CF4FFA032A5E6238000F7F9F /* 깊이 우선 탐색.swift in Sources */ = {isa = PBXBuildFile; fileRef = CF4FFA022A5E6238000F7F9F /* 깊이 우선 탐색.swift */; };
		CFA72CA02A5D82F200E14E2B /* 합병 정렬.swift in Sources */ = {isa = PBXBuildFile; fileRef = CFA72C9F2A5D82F200E14E2B /* 합병 정렬.swift */; };
		CFA72CA22A5D89D700E14E2B /* 완전 탐색.swift in Sources */ = {isa = PBXBuildFile; fileRef = CFA72CA12A5D89D700E14E2B /* 완전 탐색.swift */; };
		CFA72CA52A5D8AF700E14E2B /* 이진 탐색.swift in Sources */ = {isa = PBXBuildFile; fileRef = CFA72CA42A5D8AF700E14E2B /* 이진 탐색.swift */; };
		CFE845B52A554B4500E3877A /* main.swift in Sources */ = {isa = PBXBuildFile; fileRef = CFE845B42A554B4500E3877A /* main.swift */; };
		CFE845BC2A554B5200E3877A /* Queue.swift in Sources */ = {isa = PBXBuildFile; fileRef = CFE845BB2A554B5200E3877A /* Queue.swift */; };
		CFE845BE2A5555EA00E3877A /* Stack.swift in Sources */ = {isa = PBXBuildFile; fileRef = CFE845BD2A5555EA00E3877A /* Stack.swift */; };
		CFE845C12A55592D00E3877A /* LinkedList.swift in Sources */ = {isa = PBXBuildFile; fileRef = CFE845C02A55592D00E3877A /* LinkedList.swift */; };
		CFE845C32A56696300E3877A /* Doubly LinkedList.swift in Sources */ = {isa = PBXBuildFile; fileRef = CFE845C22A56696300E3877A /* Doubly LinkedList.swift */; };
/* End PBXBuildFile section */

/* Begin PBXCopyFilesBuildPhase section */
		CFE845AF2A554B4500E3877A /* CopyFiles */ = {
			isa = PBXCopyFilesBuildPhase;
			buildActionMask = 2147483647;
			dstPath = /usr/share/man/man1/;
			dstSubfolderSpec = 0;
			files = (
			);
			runOnlyForDeploymentPostprocessing = 1;
		};
/* End PBXCopyFilesBuildPhase section */

/* Begin PBXFileReference section */
		CF1B3F0B2A5BC26B00F2A122 /* 시간복잡도.swift */ = {isa = PBXFileReference; lastKnownFileType = sourcecode.swift; path = "시간복잡도.swift"; sourceTree = "<group>"; };
		CF1B3F0D2A5BC71300F2A122 /* 버블 정렬.swift */ = {isa = PBXFileReference; lastKnownFileType = sourcecode.swift; path = "버블 정렬.swift"; sourceTree = "<group>"; };
		CF1B3F0F2A5BDD7300F2A122 /* 선택 정렬.swift */ = {isa = PBXFileReference; lastKnownFileType = sourcecode.swift; path = "선택 정렬.swift"; sourceTree = "<group>"; };
		CF1B3F112A5BE09200F2A122 /* 삽입 정렬.swift */ = {isa = PBXFileReference; lastKnownFileType = sourcecode.swift; path = "삽입 정렬.swift"; sourceTree = "<group>"; };
		CF1B3F212A5D088B00F2A122 /* 재귀함수.swift */ = {isa = PBXFileReference; lastKnownFileType = sourcecode.swift; path = "재귀함수.swift"; sourceTree = "<group>"; };
		CF1B3F232A5D0C6400F2A122 /* 동적 계획법.swift */ = {isa = PBXFileReference; lastKnownFileType = sourcecode.swift; path = "동적 계획법.swift"; sourceTree = "<group>"; };
		CF1B3F252A5D25D000F2A122 /* 퀵 정렬.swift */ = {isa = PBXFileReference; lastKnownFileType = sourcecode.swift; path = "퀵 정렬.swift"; sourceTree = "<group>"; };
		CF444AD72A5A67E100BEB012 /* BST.swift */ = {isa = PBXFileReference; lastKnownFileType = sourcecode.swift; path = BST.swift; sourceTree = "<group>"; };
		CF4FFA002A5E5D3A000F7F9F /* 너비 우선 탐색.swift */ = {isa = PBXFileReference; lastKnownFileType = sourcecode.swift; path = "너비 우선 탐색.swift"; sourceTree = "<group>"; };
		CF4FFA022A5E6238000F7F9F /* 깊이 우선 탐색.swift */ = {isa = PBXFileReference; lastKnownFileType = sourcecode.swift; path = "깊이 우선 탐색.swift"; sourceTree = "<group>"; };
		CFA72C9F2A5D82F200E14E2B /* 합병 정렬.swift */ = {isa = PBXFileReference; lastKnownFileType = sourcecode.swift; path = "합병 정렬.swift"; sourceTree = "<group>"; };
		CFA72CA12A5D89D700E14E2B /* 완전 탐색.swift */ = {isa = PBXFileReference; lastKnownFileType = sourcecode.swift; path = "완전 탐색.swift"; sourceTree = "<group>"; };
		CFA72CA42A5D8AF700E14E2B /* 이진 탐색.swift */ = {isa = PBXFileReference; lastKnownFileType = sourcecode.swift; path = "이진 탐색.swift"; sourceTree = "<group>"; };
		CFE845B12A554B4500E3877A /* Swift_DataStructure */ = {isa = PBXFileReference; explicitFileType = "compiled.mach-o.executable"; includeInIndex = 0; path = Swift_DataStructure; sourceTree = BUILT_PRODUCTS_DIR; };
		CFE845B42A554B4500E3877A /* main.swift */ = {isa = PBXFileReference; lastKnownFileType = sourcecode.swift; path = main.swift; sourceTree = "<group>"; };
		CFE845BB2A554B5200E3877A /* Queue.swift */ = {isa = PBXFileReference; lastKnownFileType = sourcecode.swift; path = Queue.swift; sourceTree = "<group>"; };
		CFE845BD2A5555EA00E3877A /* Stack.swift */ = {isa = PBXFileReference; lastKnownFileType = sourcecode.swift; path = Stack.swift; sourceTree = "<group>"; };
		CFE845C02A55592D00E3877A /* LinkedList.swift */ = {isa = PBXFileReference; lastKnownFileType = sourcecode.swift; path = LinkedList.swift; sourceTree = "<group>"; };
		CFE845C22A56696300E3877A /* Doubly LinkedList.swift */ = {isa = PBXFileReference; lastKnownFileType = sourcecode.swift; path = "Doubly LinkedList.swift"; sourceTree = "<group>"; };
/* End PBXFileReference section */

/* Begin PBXFrameworksBuildPhase section */
		CFE845AE2A554B4500E3877A /* Frameworks */ = {
			isa = PBXFrameworksBuildPhase;
			buildActionMask = 2147483647;
			files = (
			);
			runOnlyForDeploymentPostprocessing = 0;
		};
/* End PBXFrameworksBuildPhase section */

/* Begin PBXGroup section */
		CF1B3F0A2A5BC24B00F2A122 /* Algorithm */ = {
			isa = PBXGroup;
			children = (
				CF1B3F272A5D25DA00F2A122 /* 정렬 */,
				CF1B3F0B2A5BC26B00F2A122 /* 시간복잡도.swift */,
				CF1B3F212A5D088B00F2A122 /* 재귀함수.swift */,
				CF1B3F232A5D0C6400F2A122 /* 동적 계획법.swift */,
				CFA72CA32A5D8AEF00E14E2B /* 탐색 */,
			);
			path = Algorithm;
			sourceTree = "<group>";
		};
		CF1B3F272A5D25DA00F2A122 /* 정렬 */ = {
			isa = PBXGroup;
			children = (
				CF1B3F0D2A5BC71300F2A122 /* 버블 정렬.swift */,
				CF1B3F0F2A5BDD7300F2A122 /* 선택 정렬.swift */,
				CF1B3F112A5BE09200F2A122 /* 삽입 정렬.swift */,
				CF1B3F252A5D25D000F2A122 /* 퀵 정렬.swift */,
				CFA72C9F2A5D82F200E14E2B /* 합병 정렬.swift */,
			);
			name = "정렬";
			path = "정렬";
			sourceTree = "<group>";
		};
		CFA72CA32A5D8AEF00E14E2B /* 탐색 */ = {
			isa = PBXGroup;
			children = (
				CFA72CA12A5D89D700E14E2B /* 완전 탐색.swift */,
				CFA72CA42A5D8AF700E14E2B /* 이진 탐색.swift */,
				CF4FFA002A5E5D3A000F7F9F /* 너비 우선 탐색.swift */,
				CF4FFA022A5E6238000F7F9F /* 깊이 우선 탐색.swift */,
			);
			name = "탐색";
			path = "탐색";
			sourceTree = "<group>";
		};
		CFE845A82A554B4500E3877A = {
			isa = PBXGroup;
			children = (
				CFE845B32A554B4500E3877A /* Swift_DataStructure */,
				CFE845B22A554B4500E3877A /* Products */,
			);
			sourceTree = "<group>";
		};
		CFE845B22A554B4500E3877A /* Products */ = {
			isa = PBXGroup;
			children = (
				CFE845B12A554B4500E3877A /* Swift_DataStructure */,
			);
			name = Products;
			sourceTree = "<group>";
		};
		CFE845B32A554B4500E3877A /* Swift_DataStructure */ = {
			isa = PBXGroup;
			children = (
				CFE845B42A554B4500E3877A /* main.swift */,
				CFE845BF2A5556D300E3877A /* DataStructure */,
				CF1B3F0A2A5BC24B00F2A122 /* Algorithm */,
			);
			path = Swift_DataStructure;
			sourceTree = "<group>";
		};
		CFE845BF2A5556D300E3877A /* DataStructure */ = {
			isa = PBXGroup;
			children = (
				CFE845BB2A554B5200E3877A /* Queue.swift */,
				CFE845BD2A5555EA00E3877A /* Stack.swift */,
				CFE845C02A55592D00E3877A /* LinkedList.swift */,
				CFE845C22A56696300E3877A /* Doubly LinkedList.swift */,
				CF444AD72A5A67E100BEB012 /* BST.swift */,
			);
			path = DataStructure;
			sourceTree = "<group>";
		};
/* End PBXGroup section */

/* Begin PBXNativeTarget section */
		CFE845B02A554B4500E3877A /* Swift_DataStructure */ = {
			isa = PBXNativeTarget;
			buildConfigurationList = CFE845B82A554B4500E3877A /* Build configuration list for PBXNativeTarget "Swift_DataStructure" */;
			buildPhases = (
				CFE845AD2A554B4500E3877A /* Sources */,
				CFE845AE2A554B4500E3877A /* Frameworks */,
				CFE845AF2A554B4500E3877A /* CopyFiles */,
			);
			buildRules = (
			);
			dependencies = (
			);
			name = Swift_DataStructure;
			productName = Swift_DataStructure;
			productReference = CFE845B12A554B4500E3877A /* Swift_DataStructure */;
			productType = "com.apple.product-type.tool";
		};
/* End PBXNativeTarget section */

/* Begin PBXProject section */
		CFE845A92A554B4500E3877A /* Project object */ = {
			isa = PBXProject;
			attributes = {
				BuildIndependentTargetsInParallel = 1;
				LastSwiftUpdateCheck = 1430;
				LastUpgradeCheck = 1430;
				TargetAttributes = {
					CFE845B02A554B4500E3877A = {
						CreatedOnToolsVersion = 14.3.1;
					};
				};
			};
			buildConfigurationList = CFE845AC2A554B4500E3877A /* Build configuration list for PBXProject "Swift_DataStructure" */;
			compatibilityVersion = "Xcode 14.0";
			developmentRegion = en;
			hasScannedForEncodings = 0;
			knownRegions = (
				en,
				Base,
			);
			mainGroup = CFE845A82A554B4500E3877A;
			productRefGroup = CFE845B22A554B4500E3877A /* Products */;
			projectDirPath = "";
			projectRoot = "";
			targets = (
				CFE845B02A554B4500E3877A /* Swift_DataStructure */,
			);
		};
/* End PBXProject section */

/* Begin PBXSourcesBuildPhase section */
		CFE845AD2A554B4500E3877A /* Sources */ = {
			isa = PBXSourcesBuildPhase;
			buildActionMask = 2147483647;
			files = (
				CF1B3F122A5BE09200F2A122 /* 삽입 정렬.swift in Sources */,
				CF1B3F0C2A5BC26B00F2A122 /* 시간복잡도.swift in Sources */,
				CFE845B52A554B4500E3877A /* main.swift in Sources */,
				CF1B3F0E2A5BC71300F2A122 /* 버블 정렬.swift in Sources */,
				CFA72CA52A5D8AF700E14E2B /* 이진 탐색.swift in Sources */,
				CF444AD82A5A67E100BEB012 /* BST.swift in Sources */,
				CFE845BE2A5555EA00E3877A /* Stack.swift in Sources */,
				CFE845C12A55592D00E3877A /* LinkedList.swift in Sources */,
				CF1B3F242A5D0C6400F2A122 /* 동적 계획법.swift in Sources */,
				CFE845C32A56696300E3877A /* Doubly LinkedList.swift in Sources */,
				CFA72CA02A5D82F200E14E2B /* 합병 정렬.swift in Sources */,
				CF1B3F262A5D25D000F2A122 /* 퀵 정렬.swift in Sources */,
				CFE845BC2A554B5200E3877A /* Queue.swift in Sources */,
				CF1B3F222A5D088B00F2A122 /* 재귀함수.swift in Sources */,
				CFA72CA22A5D89D700E14E2B /* 완전 탐색.swift in Sources */,
				CF1B3F102A5BDD7300F2A122 /* 선택 정렬.swift in Sources */,
				CF4FFA032A5E6238000F7F9F /* 깊이 우선 탐색.swift in Sources */,
				CF4FFA012A5E5D3A000F7F9F /* 너비 우선 탐색.swift in Sources */,
			);
			runOnlyForDeploymentPostprocessing = 0;
		};
/* End PBXSourcesBuildPhase section */

/* Begin XCBuildConfiguration section */
		CFE845B62A554B4500E3877A /* Debug */ = {
			isa = XCBuildConfiguration;
			buildSettings = {
				ALWAYS_SEARCH_USER_PATHS = NO;
				CLANG_ANALYZER_NONNULL = YES;
				CLANG_ANALYZER_NUMBER_OBJECT_CONVERSION = YES_AGGRESSIVE;
				CLANG_CXX_LANGUAGE_STANDARD = "gnu++20";
				CLANG_ENABLE_MODULES = YES;
				CLANG_ENABLE_OBJC_ARC = YES;
				CLANG_ENABLE_OBJC_WEAK = YES;
				CLANG_WARN_BLOCK_CAPTURE_AUTORELEASING = YES;
				CLANG_WARN_BOOL_CONVERSION = YES;
				CLANG_WARN_COMMA = YES;
				CLANG_WARN_CONSTANT_CONVERSION = YES;
				CLANG_WARN_DEPRECATED_OBJC_IMPLEMENTATIONS = YES;
				CLANG_WARN_DIRECT_OBJC_ISA_USAGE = YES_ERROR;
				CLANG_WARN_DOCUMENTATION_COMMENTS = YES;
				CLANG_WARN_EMPTY_BODY = YES;
				CLANG_WARN_ENUM_CONVERSION = YES;
				CLANG_WARN_INFINITE_RECURSION = YES;
				CLANG_WARN_INT_CONVERSION = YES;
				CLANG_WARN_NON_LITERAL_NULL_CONVERSION = YES;
				CLANG_WARN_OBJC_IMPLICIT_RETAIN_SELF = YES;
				CLANG_WARN_OBJC_LITERAL_CONVERSION = YES;
				CLANG_WARN_OBJC_ROOT_CLASS = YES_ERROR;
				CLANG_WARN_QUOTED_INCLUDE_IN_FRAMEWORK_HEADER = YES;
				CLANG_WARN_RANGE_LOOP_ANALYSIS = YES;
				CLANG_WARN_STRICT_PROTOTYPES = YES;
				CLANG_WARN_SUSPICIOUS_MOVE = YES;
				CLANG_WARN_UNGUARDED_AVAILABILITY = YES_AGGRESSIVE;
				CLANG_WARN_UNREACHABLE_CODE = YES;
				CLANG_WARN__DUPLICATE_METHOD_MATCH = YES;
				COPY_PHASE_STRIP = NO;
				DEBUG_INFORMATION_FORMAT = dwarf;
				ENABLE_STRICT_OBJC_MSGSEND = YES;
				ENABLE_TESTABILITY = YES;
				GCC_C_LANGUAGE_STANDARD = gnu11;
				GCC_DYNAMIC_NO_PIC = NO;
				GCC_NO_COMMON_BLOCKS = YES;
				GCC_OPTIMIZATION_LEVEL = 0;
				GCC_PREPROCESSOR_DEFINITIONS = (
					"DEBUG=1",
					"$(inherited)",
				);
				GCC_WARN_64_TO_32_BIT_CONVERSION = YES;
				GCC_WARN_ABOUT_RETURN_TYPE = YES_ERROR;
				GCC_WARN_UNDECLARED_SELECTOR = YES;
				GCC_WARN_UNINITIALIZED_AUTOS = YES_AGGRESSIVE;
				GCC_WARN_UNUSED_FUNCTION = YES;
				GCC_WARN_UNUSED_VARIABLE = YES;
				MACOSX_DEPLOYMENT_TARGET = 13.3;
				MTL_ENABLE_DEBUG_INFO = INCLUDE_SOURCE;
				MTL_FAST_MATH = YES;
				ONLY_ACTIVE_ARCH = YES;
				SDKROOT = macosx;
				SWIFT_ACTIVE_COMPILATION_CONDITIONS = DEBUG;
				SWIFT_OPTIMIZATION_LEVEL = "-Onone";
			};
			name = Debug;
		};
		CFE845B72A554B4500E3877A /* Release */ = {
			isa = XCBuildConfiguration;
			buildSettings = {
				ALWAYS_SEARCH_USER_PATHS = NO;
				CLANG_ANALYZER_NONNULL = YES;
				CLANG_ANALYZER_NUMBER_OBJECT_CONVERSION = YES_AGGRESSIVE;
				CLANG_CXX_LANGUAGE_STANDARD = "gnu++20";
				CLANG_ENABLE_MODULES = YES;
				CLANG_ENABLE_OBJC_ARC = YES;
				CLANG_ENABLE_OBJC_WEAK = YES;
				CLANG_WARN_BLOCK_CAPTURE_AUTORELEASING = YES;
				CLANG_WARN_BOOL_CONVERSION = YES;
				CLANG_WARN_COMMA = YES;
				CLANG_WARN_CONSTANT_CONVERSION = YES;
				CLANG_WARN_DEPRECATED_OBJC_IMPLEMENTATIONS = YES;
				CLANG_WARN_DIRECT_OBJC_ISA_USAGE = YES_ERROR;
				CLANG_WARN_DOCUMENTATION_COMMENTS = YES;
				CLANG_WARN_EMPTY_BODY = YES;
				CLANG_WARN_ENUM_CONVERSION = YES;
				CLANG_WARN_INFINITE_RECURSION = YES;
				CLANG_WARN_INT_CONVERSION = YES;
				CLANG_WARN_NON_LITERAL_NULL_CONVERSION = YES;
				CLANG_WARN_OBJC_IMPLICIT_RETAIN_SELF = YES;
				CLANG_WARN_OBJC_LITERAL_CONVERSION = YES;
				CLANG_WARN_OBJC_ROOT_CLASS = YES_ERROR;
				CLANG_WARN_QUOTED_INCLUDE_IN_FRAMEWORK_HEADER = YES;
				CLANG_WARN_RANGE_LOOP_ANALYSIS = YES;
				CLANG_WARN_STRICT_PROTOTYPES = YES;
				CLANG_WARN_SUSPICIOUS_MOVE = YES;
				CLANG_WARN_UNGUARDED_AVAILABILITY = YES_AGGRESSIVE;
				CLANG_WARN_UNREACHABLE_CODE = YES;
				CLANG_WARN__DUPLICATE_METHOD_MATCH = YES;
				COPY_PHASE_STRIP = NO;
				DEBUG_INFORMATION_FORMAT = "dwarf-with-dsym";
				ENABLE_NS_ASSERTIONS = NO;
				ENABLE_STRICT_OBJC_MSGSEND = YES;
				GCC_C_LANGUAGE_STANDARD = gnu11;
				GCC_NO_COMMON_BLOCKS = YES;
				GCC_WARN_64_TO_32_BIT_CONVERSION = YES;
				GCC_WARN_ABOUT_RETURN_TYPE = YES_ERROR;
				GCC_WARN_UNDECLARED_SELECTOR = YES;
				GCC_WARN_UNINITIALIZED_AUTOS = YES_AGGRESSIVE;
				GCC_WARN_UNUSED_FUNCTION = YES;
				GCC_WARN_UNUSED_VARIABLE = YES;
				MACOSX_DEPLOYMENT_TARGET = 13.3;
				MTL_ENABLE_DEBUG_INFO = NO;
				MTL_FAST_MATH = YES;
				SDKROOT = macosx;
				SWIFT_COMPILATION_MODE = wholemodule;
				SWIFT_OPTIMIZATION_LEVEL = "-O";
			};
			name = Release;
		};
		CFE845B92A554B4500E3877A /* Debug */ = {
			isa = XCBuildConfiguration;
			buildSettings = {
				CODE_SIGN_STYLE = Automatic;
				DEVELOPMENT_TEAM = EX6G2VC9J8;
				ENABLE_HARDENED_RUNTIME = YES;
				PRODUCT_NAME = "$(TARGET_NAME)";
				SWIFT_VERSION = 5.0;
			};
			name = Debug;
		};
		CFE845BA2A554B4500E3877A /* Release */ = {
			isa = XCBuildConfiguration;
			buildSettings = {
				CODE_SIGN_STYLE = Automatic;
				DEVELOPMENT_TEAM = EX6G2VC9J8;
				ENABLE_HARDENED_RUNTIME = YES;
				PRODUCT_NAME = "$(TARGET_NAME)";
				SWIFT_VERSION = 5.0;
			};
			name = Release;
		};
/* End XCBuildConfiguration section */

/* Begin XCConfigurationList section */
		CFE845AC2A554B4500E3877A /* Build configuration list for PBXProject "Swift_DataStructure" */ = {
			isa = XCConfigurationList;
			buildConfigurations = (
				CFE845B62A554B4500E3877A /* Debug */,
				CFE845B72A554B4500E3877A /* Release */,
			);
			defaultConfigurationIsVisible = 0;
			defaultConfigurationName = Release;
		};
		CFE845B82A554B4500E3877A /* Build configuration list for PBXNativeTarget "Swift_DataStructure" */ = {
			isa = XCConfigurationList;
			buildConfigurations = (
				CFE845B92A554B4500E3877A /* Debug */,
				CFE845BA2A554B4500E3877A /* Release */,
			);
			defaultConfigurationIsVisible = 0;
			defaultConfigurationName = Release;
		};
/* End XCConfigurationList section */
	};
	rootObject = CFE845A92A554B4500E3877A /* Project object */;
}
